
Microsoft Visual Studio Solution File, Format Version 12.00
# Visual Studio Version 16
VisualStudioVersion = 25.0.1706.9
MinimumVisualStudioVersion = 10.0.40219.1
Project("{FAE04EC0-301F-11D3-BF4B-00C04F79EFBC}") = "MyFirstMVCAPP", "MyFirstMVCAPP\MyFirstMVCAPP.csproj", "{B9998523-6BF1-4F30-B72F-5CF9100D1200}"
EndProject
Global
	GlobalSection(SolutionConfigurationPlatforms) = preSolution
		Debug|Any CPU = Debug|Any CPU
		Release|Any CPU = Release|Any CPU
	EndGlobalSection
	GlobalSection(ProjectConfigurationPlatforms) = postSolution
		{B9998523-6BF1-4F30-B72F-5CF9100D1200}.Debug|Any CPU.ActiveCfg = Debug|Any CPU
		{B9998523-6BF1-4F30-B72F-5CF9100D1200}.Debug|Any CPU.Build.0 = Debug|Any CPU
		{B9998523-6BF1-4F30-B72F-5CF9100D1200}.Release|Any CPU.ActiveCfg = Release|Any CPU
		{B9998523-6BF1-4F30-B72F-5CF9100D1200}.Release|Any CPU.Build.0 = Release|Any CPU
	EndGlobalSection
	GlobalSection(SolutionProperties) = preSolution
		HideSolutionNode = FALSE
	EndGlobalSection
	GlobalSection(ExtensibilityGlobals) = postSolution
		SolutionGuid = {7B559DDD-4852-4AD0-A2DC-BFE1164A80FD}
	EndGlobalSection
EndGlobal
